
Microsoft Visual Studio Solution File, Format Version 12.00
# Visual Studio Version 16
VisualStudioVersion = 16.0.30907.101
MinimumVisualStudioVersion = 10.0.40219.1
Project("{8BC9CEB8-8B4A-11D0-8D11-00A0C91BC942}") = "exercise5", "exercise5\exercise5.vcxproj", "{D316435D-C992-4BA6-9800-3D671EEFCAAF}"
EndProject
Global
	GlobalSection(SolutionConfigurationPlatforms) = preSolution
		Debug|x64 = Debug|x64
		Debug|x86 = Debug|x86
		Release|x64 = Release|x64
		Release|x86 = Release|x86
	EndGlobalSection
	GlobalSection(ProjectConfigurationPlatforms) = postSolution
		{D316435D-C992-4BA6-9800-3D671EEFCAAF}.Debug|x64.ActiveCfg = Debug|x64
		{D316435D-C992-4BA6-9800-3D671EEFCAAF}.Debug|x64.Build.0 = Debug|x64
		{D316435D-C992-4BA6-9800-3D671EEFCAAF}.Debug|x86.ActiveCfg = Debug|Win32
		{D316435D-C992-4BA6-9800-3D671EEFCAAF}.Debug|x86.Build.0 = Debug|Win32
		{D316435D-C992-4BA6-9800-3D671EEFCAAF}.Release|x64.ActiveCfg = Release|x64
		{D316435D-C992-4BA6-9800-3D671EEFCAAF}.Release|x64.Build.0 = Release|x64
		{D316435D-C992-4BA6-9800-3D671EEFCAAF}.Release|x86.ActiveCfg = Release|Win32
		{D316435D-C992-4BA6-9800-3D671EEFCAAF}.Release|x86.Build.0 = Release|Win32
	EndGlobalSection
	GlobalSection(SolutionProperties) = preSolution
		HideSolutionNode = FALSE
	EndGlobalSection
	GlobalSection(ExtensibilityGlobals) = postSolution
		SolutionGuid = {518600DF-64F8-448A-B1BA-295C63ED31A5}
	EndGlobalSection
EndGlobal
